// !$*UTF8*$!
{
	archiveVersion = 1;
	classes = {
	};
	objectVersion = 56;
	objects = {

/* Begin PBXBuildFile section */
		A100000000000001 /* NobleApp.swift in Sources */ = {isa = PBXBuildFile; fileRef = B100000000000001; };
		A100000000000002 /* ContentView.swift in Sources */ = {isa = PBXBuildFile; fileRef = B100000000000002; };
		A100000000000003 /* AppState.swift in Sources */ = {isa = PBXBuildFile; fileRef = B100000000000003; };
		A100000000000004 /* Conversation.swift in Sources */ = {isa = PBXBuildFile; fileRef = B100000000000004; };
		A100000000000005 /* Match.swift in Sources */ = {isa = PBXBuildFile; fileRef = B100000000000005; };
		A100000000000006 /* User.swift in Sources */ = {isa = PBXBuildFile; fileRef = B100000000000006; };
		A100000000000007 /* APIClient.swift in Sources */ = {isa = PBXBuildFile; fileRef = B100000000000007; };
		A100000000000008 /* ChatService.swift in Sources */ = {isa = PBXBuildFile; fileRef = B100000000000008; };
		A100000000000009 /* LocationService.swift in Sources */ = {isa = PBXBuildFile; fileRef = B100000000000009; };
		A100000000000010 /* MatchService.swift in Sources */ = {isa = PBXBuildFile; fileRef = B100000000000010; };
		A100000000000011 /* UserService.swift in Sources */ = {isa = PBXBuildFile; fileRef = B100000000000011; };
		A100000000000012 /* AuthViewModel.swift in Sources */ = {isa = PBXBuildFile; fileRef = B100000000000012; };
		A100000000000013 /* SwipeViewModel.swift in Sources */ = {isa = PBXBuildFile; fileRef = B100000000000013; };
		A100000000000014 /* ChatView.swift in Sources */ = {isa = PBXBuildFile; fileRef = B100000000000014; };
		A100000000000015 /* LikesView.swift in Sources */ = {isa = PBXBuildFile; fileRef = B100000000000015; };
		A100000000000016 /* MainTabView.swift in Sources */ = {isa = PBXBuildFile; fileRef = B100000000000016; };
		A100000000000017 /* MatchAnimationView.swift in Sources */ = {isa = PBXBuildFile; fileRef = B100000000000017; };
		A100000000000018 /* MatchesView.swift in Sources */ = {isa = PBXBuildFile; fileRef = B100000000000018; };
		A100000000000019 /* LoginView.swift in Sources */ = {isa = PBXBuildFile; fileRef = B100000000000019; };
		A100000000000020 /* OnboardingView.swift in Sources */ = {isa = PBXBuildFile; fileRef = B100000000000020; };
		A100000000000021 /* SignUpView.swift in Sources */ = {isa = PBXBuildFile; fileRef = B100000000000021; };
		A100000000000022 /* EditProfileView.swift in Sources */ = {isa = PBXBuildFile; fileRef = B100000000000022; };
		A100000000000023 /* ProfileView.swift in Sources */ = {isa = PBXBuildFile; fileRef = B100000000000023; };
		A100000000000024 /* UserProfileView.swift in Sources */ = {isa = PBXBuildFile; fileRef = B100000000000024; };
		A100000000000025 /* SettingsView.swift in Sources */ = {isa = PBXBuildFile; fileRef = B100000000000025; };
		A100000000000026 /* ActionButtonsView.swift in Sources */ = {isa = PBXBuildFile; fileRef = B100000000000026; };
		A100000000000027 /* CardStackView.swift in Sources */ = {isa = PBXBuildFile; fileRef = B100000000000027; };
		A100000000000028 /* SwipeView.swift in Sources */ = {isa = PBXBuildFile; fileRef = B100000000000028; };
		A100000000000030 /* Alamofire in Frameworks */ = {isa = PBXBuildFile; productRef = P100000000000001; };
		A100000000000031 /* Nuke in Frameworks */ = {isa = PBXBuildFile; productRef = P100000000000002; };
		A100000000000032 /* NukeUI in Frameworks */ = {isa = PBXBuildFile; productRef = P100000000000003; };
		A100000000000033 /* KeychainAccess in Frameworks */ = {isa = PBXBuildFile; productRef = P100000000000004; };
		A100000000000034 /* Lottie in Frameworks */ = {isa = PBXBuildFile; productRef = P100000000000005; };
/* End PBXBuildFile section */

/* Begin PBXFileReference section */
		B100000000000000 /* NobleApp.app */ = {isa = PBXFileReference; explicitFileType = wrapper.application; includeInIndex = 0; path = NobleApp.app; sourceTree = BUILT_PRODUCTS_DIR; };
		B100000000000001 /* NobleApp.swift */ = {isa = PBXFileReference; lastKnownFileType = sourcecode.swift; path = NobleApp.swift; sourceTree = "<group>"; };
		B100000000000002 /* ContentView.swift */ = {isa = PBXFileReference; lastKnownFileType = sourcecode.swift; path = ContentView.swift; sourceTree = "<group>"; };
		B100000000000003 /* AppState.swift */ = {isa = PBXFileReference; lastKnownFileType = sourcecode.swift; path = AppState.swift; sourceTree = "<group>"; };
		B100000000000004 /* Conversation.swift */ = {isa = PBXFileReference; lastKnownFileType = sourcecode.swift; path = Conversation.swift; sourceTree = "<group>"; };
		B100000000000005 /* Match.swift */ = {isa = PBXFileReference; lastKnownFileType = sourcecode.swift; path = Match.swift; sourceTree = "<group>"; };
		B100000000000006 /* User.swift */ = {isa = PBXFileReference; lastKnownFileType = sourcecode.swift; path = User.swift; sourceTree = "<group>"; };
		B100000000000007 /* APIClient.swift */ = {isa = PBXFileReference; lastKnownFileType = sourcecode.swift; path = APIClient.swift; sourceTree = "<group>"; };
		B100000000000008 /* ChatService.swift */ = {isa = PBXFileReference; lastKnownFileType = sourcecode.swift; path = ChatService.swift; sourceTree = "<group>"; };
		B100000000000009 /* LocationService.swift */ = {isa = PBXFileReference; lastKnownFileType = sourcecode.swift; path = LocationService.swift; sourceTree = "<group>"; };
		B100000000000010 /* MatchService.swift */ = {isa = PBXFileReference; lastKnownFileType = sourcecode.swift; path = MatchService.swift; sourceTree = "<group>"; };
		B100000000000011 /* UserService.swift */ = {isa = PBXFileReference; lastKnownFileType = sourcecode.swift; path = UserService.swift; sourceTree = "<group>"; };
		B100000000000012 /* AuthViewModel.swift */ = {isa = PBXFileReference; lastKnownFileType = sourcecode.swift; path = AuthViewModel.swift; sourceTree = "<group>"; };
		B100000000000013 /* SwipeViewModel.swift */ = {isa = PBXFileReference; lastKnownFileType = sourcecode.swift; path = SwipeViewModel.swift; sourceTree = "<group>"; };
		B100000000000014 /* ChatView.swift */ = {isa = PBXFileReference; lastKnownFileType = sourcecode.swift; path = ChatView.swift; sourceTree = "<group>"; };
		B100000000000015 /* LikesView.swift */ = {isa = PBXFileReference; lastKnownFileType = sourcecode.swift; path = LikesView.swift; sourceTree = "<group>"; };
		B100000000000016 /* MainTabView.swift */ = {isa = PBXFileReference; lastKnownFileType = sourcecode.swift; path = MainTabView.swift; sourceTree = "<group>"; };
		B100000000000017 /* MatchAnimationView.swift */ = {isa = PBXFileReference; lastKnownFileType = sourcecode.swift; path = MatchAnimationView.swift; sourceTree = "<group>"; };
		B100000000000018 /* MatchesView.swift */ = {isa = PBXFileReference; lastKnownFileType = sourcecode.swift; path = MatchesView.swift; sourceTree = "<group>"; };
		B100000000000019 /* LoginView.swift */ = {isa = PBXFileReference; lastKnownFileType = sourcecode.swift; path = LoginView.swift; sourceTree = "<group>"; };
		B100000000000020 /* OnboardingView.swift */ = {isa = PBXFileReference; lastKnownFileType = sourcecode.swift; path = OnboardingView.swift; sourceTree = "<group>"; };
		B100000000000021 /* SignUpView.swift */ = {isa = PBXFileReference; lastKnownFileType = sourcecode.swift; path = SignUpView.swift; sourceTree = "<group>"; };
		B100000000000022 /* EditProfileView.swift */ = {isa = PBXFileReference; lastKnownFileType = sourcecode.swift; path = EditProfileView.swift; sourceTree = "<group>"; };
		B100000000000023 /* ProfileView.swift */ = {isa = PBXFileReference; lastKnownFileType = sourcecode.swift; path = ProfileView.swift; sourceTree = "<group>"; };
		B100000000000024 /* UserProfileView.swift */ = {isa = PBXFileReference; lastKnownFileType = sourcecode.swift; path = UserProfileView.swift; sourceTree = "<group>"; };
		B100000000000025 /* SettingsView.swift */ = {isa = PBXFileReference; lastKnownFileType = sourcecode.swift; path = SettingsView.swift; sourceTree = "<group>"; };
		B100000000000026 /* ActionButtonsView.swift */ = {isa = PBXFileReference; lastKnownFileType = sourcecode.swift; path = ActionButtonsView.swift; sourceTree = "<group>"; };
		B100000000000027 /* CardStackView.swift */ = {isa = PBXFileReference; lastKnownFileType = sourcecode.swift; path = CardStackView.swift; sourceTree = "<group>"; };
		B100000000000028 /* SwipeView.swift */ = {isa = PBXFileReference; lastKnownFileType = sourcecode.swift; path = SwipeView.swift; sourceTree = "<group>"; };
/* End PBXFileReference section */

/* Begin PBXFrameworksBuildPhase section */
		C100000000000001 /* Frameworks */ = {
			isa = PBXFrameworksBuildPhase;
			buildActionMask = 2147483647;
			files = (
				A100000000000030 /* Alamofire in Frameworks */,
				A100000000000031 /* Nuke in Frameworks */,
				A100000000000032 /* NukeUI in Frameworks */,
				A100000000000033 /* KeychainAccess in Frameworks */,
				A100000000000034 /* Lottie in Frameworks */,
			);
			runOnlyForDeploymentPostprocessing = 0;
		};
/* End PBXFrameworksBuildPhase section */

/* Begin PBXGroup section */
		D100000000000000 = {
			isa = PBXGroup;
			children = (
				D100000000000001 /* Sources */,
				D100000000000099 /* Products */,
			);
			sourceTree = "<group>";
		};
		D100000000000001 /* Sources */ = {
			isa = PBXGroup;
			children = (
				D100000000000002 /* App */,
				D100000000000003 /* Models */,
				D100000000000004 /* Services */,
				D100000000000005 /* ViewModels */,
				D100000000000006 /* Views */,
			);
			path = "Sources/NobleApp";
			sourceTree = "<group>";
		};
		D100000000000002 /* App */ = {
			isa = PBXGroup;
			children = (
				B100000000000001 /* NobleApp.swift */,
				B100000000000002 /* ContentView.swift */,
				B100000000000003 /* AppState.swift */,
			);
			path = App;
			sourceTree = "<group>";
		};
		D100000000000003 /* Models */ = {
			isa = PBXGroup;
			children = (
				B100000000000004 /* Conversation.swift */,
				B100000000000005 /* Match.swift */,
				B100000000000006 /* User.swift */,
			);
			path = Models;
			sourceTree = "<group>";
		};
		D100000000000004 /* Services */ = {
			isa = PBXGroup;
			children = (
				B100000000000007 /* APIClient.swift */,
				B100000000000008 /* ChatService.swift */,
				B100000000000009 /* LocationService.swift */,
				B100000000000010 /* MatchService.swift */,
				B100000000000011 /* UserService.swift */,
			);
			path = Services;
			sourceTree = "<group>";
		};
		D100000000000005 /* ViewModels */ = {
			isa = PBXGroup;
			children = (
				B100000000000012 /* AuthViewModel.swift */,
				B100000000000013 /* SwipeViewModel.swift */,
			);
			path = ViewModels;
			sourceTree = "<group>";
		};
		D100000000000006 /* Views */ = {
			isa = PBXGroup;
			children = (
				D100000000000007 /* Chat */,
				D100000000000008 /* Likes */,
				D100000000000009 /* Main */,
				D100000000000010 /* Match */,
				D100000000000011 /* Matches */,
				D100000000000012 /* Onboarding */,
				D100000000000013 /* Profile */,
				D100000000000014 /* Settings */,
				D100000000000015 /* Swipe */,
			);
			path = Views;
			sourceTree = "<group>";
		};
		D100000000000007 /* Chat */ = {
			isa = PBXGroup;
			children = (
				B100000000000014 /* ChatView.swift */,
			);
			path = Chat;
			sourceTree = "<group>";
		};
		D100000000000008 /* Likes */ = {
			isa = PBXGroup;
			children = (
				B100000000000015 /* LikesView.swift */,
			);
			path = Likes;
			sourceTree = "<group>";
		};
		D100000000000009 /* Main */ = {
			isa = PBXGroup;
			children = (
				B100000000000016 /* MainTabView.swift */,
			);
			path = Main;
			sourceTree = "<group>";
		};
		D100000000000010 /* Match */ = {
			isa = PBXGroup;
			children = (
				B100000000000017 /* MatchAnimationView.swift */,
			);
			path = Match;
			sourceTree = "<group>";
		};
		D100000000000011 /* Matches */ = {
			isa = PBXGroup;
			children = (
				B100000000000018 /* MatchesView.swift */,
			);
			path = Matches;
			sourceTree = "<group>";
		};
		D100000000000012 /* Onboarding */ = {
			isa = PBXGroup;
			children = (
				B100000000000019 /* LoginView.swift */,
				B100000000000020 /* OnboardingView.swift */,
				B100000000000021 /* SignUpView.swift */,
			);
			path = Onboarding;
			sourceTree = "<group>";
		};
		D100000000000013 /* Profile */ = {
			isa = PBXGroup;
			children = (
				B100000000000022 /* EditProfileView.swift */,
				B100000000000023 /* ProfileView.swift */,
				B100000000000024 /* UserProfileView.swift */,
			);
			path = Profile;
			sourceTree = "<group>";
		};
		D100000000000014 /* Settings */ = {
			isa = PBXGroup;
			children = (
				B100000000000025 /* SettingsView.swift */,
			);
			path = Settings;
			sourceTree = "<group>";
		};
		D100000000000015 /* Swipe */ = {
			isa = PBXGroup;
			children = (
				B100000000000026 /* ActionButtonsView.swift */,
				B100000000000027 /* CardStackView.swift */,
				B100000000000028 /* SwipeView.swift */,
			);
			path = Swipe;
			sourceTree = "<group>";
		};
		D100000000000099 /* Products */ = {
			isa = PBXGroup;
			children = (
				B100000000000000 /* NobleApp.app */,
			);
			name = Products;
			sourceTree = "<group>";
		};
/* End PBXGroup section */

/* Begin PBXNativeTarget section */
		E100000000000001 /* NobleApp */ = {
			isa = PBXNativeTarget;
			buildConfigurationList = F100000000000002;
			buildPhases = (
				E100000000000002 /* Sources */,
				C100000000000001 /* Frameworks */,
			);
			buildRules = (
			);
			dependencies = (
			);
			name = NobleApp;
			packageProductDependencies = (
				P100000000000001 /* Alamofire */,
				P100000000000002 /* Nuke */,
				P100000000000003 /* NukeUI */,
				P100000000000004 /* KeychainAccess */,
				P100000000000005 /* Lottie */,
			);
			productName = NobleApp;
			productReference = B100000000000000;
			productType = "com.apple.product-type.application";
		};
/* End PBXNativeTarget section */

/* Begin PBXProject section */
		E100000000000000 /* Project object */ = {
			isa = PBXProject;
			attributes = {
				BuildIndependentTargetsInParallel = 1;
				LastSwiftUpdateCheck = 1500;
				LastUpgradeCheck = 1500;
				TargetAttributes = {
					E100000000000001 = {
						CreatedOnToolsVersion = 15.0;
					};
				};
			};
			buildConfigurationList = F100000000000001;
			compatibilityVersion = "Xcode 14.0";
			developmentRegion = en;
			hasScannedForEncodings = 0;
			knownRegions = (
				en,
				Base,
			);
			mainGroup = D100000000000000;
			packageReferences = (
				R100000000000001 /* XCRemoteSwiftPackageReference "Alamofire" */,
				R100000000000002 /* XCRemoteSwiftPackageReference "Nuke" */,
				R100000000000003 /* XCRemoteSwiftPackageReference "KeychainAccess" */,
				R100000000000004 /* XCRemoteSwiftPackageReference "lottie-ios" */,
			);
			productRefGroup = D100000000000099;
			projectDirPath = "";
			projectRoot = "";
			targets = (
				E100000000000001 /* NobleApp */,
			);
		};
/* End PBXProject section */

/* Begin PBXSourcesBuildPhase section */
		E100000000000002 /* Sources */ = {
			isa = PBXSourcesBuildPhase;
			buildActionMask = 2147483647;
			files = (
				A100000000000001 /* NobleApp.swift in Sources */,
				A100000000000002 /* ContentView.swift in Sources */,
				A100000000000003 /* AppState.swift in Sources */,
				A100000000000004 /* Conversation.swift in Sources */,
				A100000000000005 /* Match.swift in Sources */,
				A100000000000006 /* User.swift in Sources */,
				A100000000000007 /* APIClient.swift in Sources */,
				A100000000000008 /* ChatService.swift in Sources */,
				A100000000000009 /* LocationService.swift in Sources */,
				A100000000000010 /* MatchService.swift in Sources */,
				A100000000000011 /* UserService.swift in Sources */,
				A100000000000012 /* AuthViewModel.swift in Sources */,
				A100000000000013 /* SwipeViewModel.swift in Sources */,
				A100000000000014 /* ChatView.swift in Sources */,
				A100000000000015 /* LikesView.swift in Sources */,
				A100000000000016 /* MainTabView.swift in Sources */,
				A100000000000017 /* MatchAnimationView.swift in Sources */,
				A100000000000018 /* MatchesView.swift in Sources */,
				A100000000000019 /* LoginView.swift in Sources */,
				A100000000000020 /* OnboardingView.swift in Sources */,
				A100000000000021 /* SignUpView.swift in Sources */,
				A100000000000022 /* EditProfileView.swift in Sources */,
				A100000000000023 /* ProfileView.swift in Sources */,
				A100000000000024 /* UserProfileView.swift in Sources */,
				A100000000000025 /* SettingsView.swift in Sources */,
				A100000000000026 /* ActionButtonsView.swift in Sources */,
				A100000000000027 /* CardStackView.swift in Sources */,
				A100000000000028 /* SwipeView.swift in Sources */,
			);
			runOnlyForDeploymentPostprocessing = 0;
		};
/* End PBXSourcesBuildPhase section */

/* Begin XCBuildConfiguration section */
		F100000000000003 /* Debug */ = {
			isa = XCBuildConfiguration;
			buildSettings = {
				ALWAYS_SEARCH_USER_PATHS = NO;
				ASSETCATALOG_COMPILER_GENERATE_SWIFT_ASSET_SYMBOL_EXTENSIONS = YES;
				CLANG_ANALYZER_NONNULL = YES;
				CLANG_ANALYZER_NUMBER_OBJECT_CONVERSION = YES_AGGRESSIVE;
				CLANG_CXX_LANGUAGE_STANDARD = "gnu++20";
				CLANG_ENABLE_MODULES = YES;
				CLANG_ENABLE_OBJC_ARC = YES;
				CLANG_ENABLE_OBJC_WEAK = YES;
				CLANG_WARN_BLOCK_CAPTURE_AUTORELEASING = YES;
				CLANG_WARN_BOOL_CONVERSION = YES;
				CLANG_WARN_COMMA = YES;
				CLANG_WARN_CONSTANT_CONVERSION = YES;
				CLANG_WARN_DEPRECATED_OBJC_IMPLEMENTATIONS = YES;
				CLANG_WARN_DIRECT_OBJC_ISA_USAGE = YES_ERROR;
				CLANG_WARN_DOCUMENTATION_COMMENTS = YES;
				CLANG_WARN_EMPTY_BODY = YES;
				CLANG_WARN_ENUM_CONVERSION = YES;
				CLANG_WARN_INFINITE_RECURSION = YES;
				CLANG_WARN_INT_CONVERSION = YES;
				CLANG_WARN_NON_LITERAL_NULL_CONVERSION = YES;
				CLANG_WARN_OBJC_IMPLICIT_RETAIN_SELF = YES;
				CLANG_WARN_OBJC_LITERAL_CONVERSION = YES;
				CLANG_WARN_OBJC_ROOT_CLASS = YES_ERROR;
				CLANG_WARN_QUOTED_INCLUDE_IN_FRAMEWORK_HEADER = YES;
				CLANG_WARN_RANGE_LOOP_ANALYSIS = YES;
				CLANG_WARN_STRICT_PROTOTYPES = YES;
				CLANG_WARN_SUSPICIOUS_MOVE = YES;
				CLANG_WARN_UNGUARDED_AVAILABILITY = YES_AGGRESSIVE;
				CLANG_WARN_UNREACHABLE_CODE = YES;
				CLANG_WARN__DUPLICATE_METHOD_MATCH = YES;
				COPY_PHASE_STRIP = NO;
				DEBUG_INFORMATION_FORMAT = dwarf;
				ENABLE_STRICT_OBJC_MSGSEND = YES;
				ENABLE_TESTABILITY = YES;
				ENABLE_USER_SCRIPT_SANDBOXING = YES;
				GCC_C_LANGUAGE_STANDARD = gnu17;
				GCC_DYNAMIC_NO_PIC = NO;
				GCC_NO_COMMON_BLOCKS = YES;
				GCC_OPTIMIZATION_LEVEL = 0;
				GCC_PREPROCESSOR_DEFINITIONS = (
					"DEBUG=1",
					"$(inherited)",
				);
				GCC_WARN_64_TO_32_BIT_CONVERSION = YES;
				GCC_WARN_ABOUT_RETURN_TYPE = YES_ERROR;
				GCC_WARN_UNDECLARED_SELECTOR = YES;
				GCC_WARN_UNINITIALIZED_AUTOS = YES_AGGRESSIVE;
				GCC_WARN_UNUSED_FUNCTION = YES;
				GCC_WARN_UNUSED_VARIABLE = YES;
				IPHONEOS_DEPLOYMENT_TARGET = 17.0;
				LOCALIZATION_PREFERS_STRING_CATALOGS = YES;
				MTL_ENABLE_DEBUG_INFO = INCLUDE_SOURCE;
				MTL_FAST_MATH = YES;
				ONLY_ACTIVE_ARCH = YES;
				SDKROOT = iphoneos;
				SWIFT_ACTIVE_COMPILATION_CONDITIONS = "DEBUG $(inherited)";
				SWIFT_OPTIMIZATION_LEVEL = "-Onone";
			};
			name = Debug;
		};
		F100000000000004 /* Release */ = {
			isa = XCBuildConfiguration;
			buildSettings = {
				ALWAYS_SEARCH_USER_PATHS = NO;
				ASSETCATALOG_COMPILER_GENERATE_SWIFT_ASSET_SYMBOL_EXTENSIONS = YES;
				CLANG_ANALYZER_NONNULL = YES;
				CLANG_ANALYZER_NUMBER_OBJECT_CONVERSION = YES_AGGRESSIVE;
				CLANG_CXX_LANGUAGE_STANDARD = "gnu++20";
				CLANG_ENABLE_MODULES = YES;
				CLANG_ENABLE_OBJC_ARC = YES;
				CLANG_ENABLE_OBJC_WEAK = YES;
				CLANG_WARN_BLOCK_CAPTURE_AUTORELEASING = YES;
				CLANG_WARN_BOOL_CONVERSION = YES;
				CLANG_WARN_COMMA = YES;
				CLANG_WARN_CONSTANT_CONVERSION = YES;
				CLANG_WARN_DEPRECATED_OBJC_IMPLEMENTATIONS = YES;
				CLANG_WARN_DIRECT_OBJC_ISA_USAGE = YES_ERROR;
				CLANG_WARN_DOCUMENTATION_COMMENTS = YES;
				CLANG_WARN_EMPTY_BODY = YES;
				CLANG_WARN_ENUM_CONVERSION = YES;
				CLANG_WARN_INFINITE_RECURSION = YES;
				CLANG_WARN_INT_CONVERSION = YES;
				CLANG_WARN_NON_LITERAL_NULL_CONVERSION = YES;
				CLANG_WARN_OBJC_IMPLICIT_RETAIN_SELF = YES;
				CLANG_WARN_OBJC_LITERAL_CONVERSION = YES;
				CLANG_WARN_OBJC_ROOT_CLASS = YES_ERROR;
				CLANG_WARN_QUOTED_INCLUDE_IN_FRAMEWORK_HEADER = YES;
				CLANG_WARN_RANGE_LOOP_ANALYSIS = YES;
				CLANG_WARN_STRICT_PROTOTYPES = YES;
				CLANG_WARN_SUSPICIOUS_MOVE = YES;
				CLANG_WARN_UNGUARDED_AVAILABILITY = YES_AGGRESSIVE;
				CLANG_WARN_UNREACHABLE_CODE = YES;
				CLANG_WARN__DUPLICATE_METHOD_MATCH = YES;
				COPY_PHASE_STRIP = NO;
				DEBUG_INFORMATION_FORMAT = "dwarf-with-dsym";
				ENABLE_NS_ASSERTIONS = NO;
				ENABLE_STRICT_OBJC_MSGSEND = YES;
				ENABLE_USER_SCRIPT_SANDBOXING = YES;
				GCC_C_LANGUAGE_STANDARD = gnu17;
				GCC_NO_COMMON_BLOCKS = YES;
				GCC_WARN_64_TO_32_BIT_CONVERSION = YES;
				GCC_WARN_ABOUT_RETURN_TYPE = YES_ERROR;
				GCC_WARN_UNDECLARED_SELECTOR = YES;
				GCC_WARN_UNINITIALIZED_AUTOS = YES_AGGRESSIVE;
				GCC_WARN_UNUSED_FUNCTION = YES;
				GCC_WARN_UNUSED_VARIABLE = YES;
				IPHONEOS_DEPLOYMENT_TARGET = 17.0;
				LOCALIZATION_PREFERS_STRING_CATALOGS = YES;
				MTL_ENABLE_DEBUG_INFO = NO;
				MTL_FAST_MATH = YES;
				SDKROOT = iphoneos;
				SWIFT_COMPILATION_MODE = wholemodule;
				VALIDATE_PRODUCT = YES;
			};
			name = Release;
		};
		F100000000000005 /* Debug */ = {
			isa = XCBuildConfiguration;
			buildSettings = {
				ASSETCATALOG_COMPILER_APPICON_NAME = AppIcon;
				ASSETCATALOG_COMPILER_GLOBAL_ACCENT_COLOR_NAME = AccentColor;
				CODE_SIGN_STYLE = Automatic;
				CURRENT_PROJECT_VERSION = 1;
				DEVELOPMENT_TEAM = "";
				ENABLE_PREVIEWS = YES;
				GENERATE_INFOPLIST_FILE = YES;
				INFOPLIST_KEY_CFBundleDisplayName = Noble;
				INFOPLIST_KEY_UIApplicationSceneManifest_Generation = YES;
				INFOPLIST_KEY_UIApplicationSupportsIndirectInputEvents = YES;
				INFOPLIST_KEY_UILaunchScreen_Generation = YES;
				INFOPLIST_KEY_UISupportedInterfaceOrientations_iPad = "UIInterfaceOrientationPortrait UIInterfaceOrientationPortraitUpsideDown UIInterfaceOrientationLandscapeLeft UIInterfaceOrientationLandscapeRight";
				INFOPLIST_KEY_UISupportedInterfaceOrientations_iPhone = "UIInterfaceOrientationPortrait UIInterfaceOrientationLandscapeLeft UIInterfaceOrientationLandscapeRight";
				LD_RUNPATH_SEARCH_PATHS = (
					"$(inherited)",
					"@executable_path/Frameworks",
				);
				MARKETING_VERSION = 1.0;
				PRODUCT_BUNDLE_IDENTIFIER = com.noble.app;
				PRODUCT_NAME = "$(TARGET_NAME)";
				SWIFT_EMIT_LOC_STRINGS = YES;
				SWIFT_VERSION = 5.0;
				TARGETED_DEVICE_FAMILY = "1,2";
			};
			name = Debug;
		};
		F100000000000006 /* Release */ = {
			isa = XCBuildConfiguration;
			buildSettings = {
				ASSETCATALOG_COMPILER_APPICON_NAME = AppIcon;
				ASSETCATALOG_COMPILER_GLOBAL_ACCENT_COLOR_NAME = AccentColor;
				CODE_SIGN_STYLE = Automatic;
				CURRENT_PROJECT_VERSION = 1;
				DEVELOPMENT_TEAM = "";
				ENABLE_PREVIEWS = YES;
				GENERATE_INFOPLIST_FILE = YES;
				INFOPLIST_KEY_CFBundleDisplayName = Noble;
				INFOPLIST_KEY_UIApplicationSceneManifest_Generation = YES;
				INFOPLIST_KEY_UIApplicationSupportsIndirectInputEvents = YES;
				INFOPLIST_KEY_UILaunchScreen_Generation = YES;
				INFOPLIST_KEY_UISupportedInterfaceOrientations_iPad = "UIInterfaceOrientationPortrait UIInterfaceOrientationPortraitUpsideDown UIInterfaceOrientationLandscapeLeft UIInterfaceOrientationLandscapeRight";
				INFOPLIST_KEY_UISupportedInterfaceOrientations_iPhone = "UIInterfaceOrientationPortrait UIInterfaceOrientationLandscapeLeft UIInterfaceOrientationLandscapeRight";
				LD_RUNPATH_SEARCH_PATHS = (
					"$(inherited)",
					"@executable_path/Frameworks",
				);
				MARKETING_VERSION = 1.0;
				PRODUCT_BUNDLE_IDENTIFIER = com.noble.app;
				PRODUCT_NAME = "$(TARGET_NAME)";
				SWIFT_EMIT_LOC_STRINGS = YES;
				SWIFT_VERSION = 5.0;
				TARGETED_DEVICE_FAMILY = "1,2";
			};
			name = Release;
		};
/* End XCBuildConfiguration section */

/* Begin XCConfigurationList section */
		F100000000000001 /* Build configuration list for PBXProject "NobleApp" */ = {
			isa = XCConfigurationList;
			buildConfigurations = (
				F100000000000003 /* Debug */,
				F100000000000004 /* Release */,
			);
			defaultConfigurationIsVisible = 0;
			defaultConfigurationName = Release;
		};
		F100000000000002 /* Build configuration list for PBXNativeTarget "NobleApp" */ = {
			isa = XCConfigurationList;
			buildConfigurations = (
				F100000000000005 /* Debug */,
				F100000000000006 /* Release */,
			);
			defaultConfigurationIsVisible = 0;
			defaultConfigurationName = Release;
		};
/* End XCConfigurationList section */

/* Begin XCRemoteSwiftPackageReference section */
		R100000000000001 /* XCRemoteSwiftPackageReference "Alamofire" */ = {
			isa = XCRemoteSwiftPackageReference;
			repositoryURL = "https://github.com/Alamofire/Alamofire.git";
			requirement = {
				kind = upToNextMajorVersion;
				minimumVersion = 5.8.0;
			};
		};
		R100000000000002 /* XCRemoteSwiftPackageReference "Nuke" */ = {
			isa = XCRemoteSwiftPackageReference;
			repositoryURL = "https://github.com/kean/Nuke.git";
			requirement = {
				kind = upToNextMajorVersion;
				minimumVersion = 12.0.0;
			};
		};
		R100000000000003 /* XCRemoteSwiftPackageReference "KeychainAccess" */ = {
			isa = XCRemoteSwiftPackageReference;
			repositoryURL = "https://github.com/kishikawakatsumi/KeychainAccess.git";
			requirement = {
				kind = upToNextMajorVersion;
				minimumVersion = 4.2.0;
			};
		};
		R100000000000004 /* XCRemoteSwiftPackageReference "lottie-ios" */ = {
			isa = XCRemoteSwiftPackageReference;
			repositoryURL = "https://github.com/airbnb/lottie-ios.git";
			requirement = {
				kind = upToNextMajorVersion;
				minimumVersion = 4.3.0;
			};
		};
/* End XCRemoteSwiftPackageReference section */

/* Begin XCSwiftPackageProductDependency section */
		P100000000000001 /* Alamofire */ = {
			isa = XCSwiftPackageProductDependency;
			package = R100000000000001;
			productName = Alamofire;
		};
		P100000000000002 /* Nuke */ = {
			isa = XCSwiftPackageProductDependency;
			package = R100000000000002;
			productName = Nuke;
		};
		P100000000000003 /* NukeUI */ = {
			isa = XCSwiftPackageProductDependency;
			package = R100000000000002;
			productName = NukeUI;
		};
		P100000000000004 /* KeychainAccess */ = {
			isa = XCSwiftPackageProductDependency;
			package = R100000000000003;
			productName = KeychainAccess;
		};
		P100000000000005 /* Lottie */ = {
			isa = XCSwiftPackageProductDependency;
			package = R100000000000004;
			productName = Lottie;
		};
/* End XCSwiftPackageProductDependency section */

	};
	rootObject = E100000000000000 /* Project object */;
}
